
Microsoft Visual Studio Solution File, Format Version 12.00
# Visual Studio Version 17
VisualStudioVersion = 17.9.34728.123
MinimumVisualStudioVersion = 10.0.40219.1
Project("{9A19103F-16F7-4668-BE54-9A1E7A4F7556}") = "FirstSolution.ConsoleApp", "FirstSolution.ConsoleApp\FirstSolution.ConsoleApp.csproj", "{2F0685BE-63D2-4C78-84CA-E01D0D43E915}"
EndProject
Project("{9A19103F-16F7-4668-BE54-9A1E7A4F7556}") = "FirstSolution.SayiTahminOyunu.ConspleApp", "FirstSolution.SayiTahminOyunu.ConspleApp\FirstSolution.SayiTahminOyunu.ConspleApp.csproj", "{B8187C8D-37E3-441C-B2D0-4E3626D114FE}"
EndProject
Project("{FAE04EC0-301F-11D3-BF4B-00C04F79EFBC}") = "FirstSolution.RentACar.ConsoleApp", "FirstSolution.RentACar.ConsoleApp\FirstSolution.RentACar.ConsoleApp.csproj", "{49C424B0-327D-4A92-A19A-B3B43DD2C767}"
EndProject
Global
	GlobalSection(SolutionConfigurationPlatforms) = preSolution
		Debug|Any CPU = Debug|Any CPU
		Release|Any CPU = Release|Any CPU
	EndGlobalSection
	GlobalSection(ProjectConfigurationPlatforms) = postSolution
		{2F0685BE-63D2-4C78-84CA-E01D0D43E915}.Debug|Any CPU.ActiveCfg = Debug|Any CPU
		{2F0685BE-63D2-4C78-84CA-E01D0D43E915}.Debug|Any CPU.Build.0 = Debug|Any CPU
		{2F0685BE-63D2-4C78-84CA-E01D0D43E915}.Release|Any CPU.ActiveCfg = Release|Any CPU
		{2F0685BE-63D2-4C78-84CA-E01D0D43E915}.Release|Any CPU.Build.0 = Release|Any CPU
		{B8187C8D-37E3-441C-B2D0-4E3626D114FE}.Debug|Any CPU.ActiveCfg = Debug|Any CPU
		{B8187C8D-37E3-441C-B2D0-4E3626D114FE}.Debug|Any CPU.Build.0 = Debug|Any CPU
		{B8187C8D-37E3-441C-B2D0-4E3626D114FE}.Release|Any CPU.ActiveCfg = Release|Any CPU
		{B8187C8D-37E3-441C-B2D0-4E3626D114FE}.Release|Any CPU.Build.0 = Release|Any CPU
		{49C424B0-327D-4A92-A19A-B3B43DD2C767}.Debug|Any CPU.ActiveCfg = Debug|Any CPU
		{49C424B0-327D-4A92-A19A-B3B43DD2C767}.Debug|Any CPU.Build.0 = Debug|Any CPU
		{49C424B0-327D-4A92-A19A-B3B43DD2C767}.Release|Any CPU.ActiveCfg = Release|Any CPU
		{49C424B0-327D-4A92-A19A-B3B43DD2C767}.Release|Any CPU.Build.0 = Release|Any CPU
	EndGlobalSection
	GlobalSection(SolutionProperties) = preSolution
		HideSolutionNode = FALSE
	EndGlobalSection
	GlobalSection(ExtensibilityGlobals) = postSolution
		SolutionGuid = {3A8F5B36-1528-4930-BD8F-6E250FEC3C58}
	EndGlobalSection
EndGlobal
