
Microsoft Visual Studio Solution File, Format Version 12.00
# Visual Studio Version 17
VisualStudioVersion = 17.9.34701.34
MinimumVisualStudioVersion = 10.0.40219.1
Project("{9A19103F-16F7-4668-BE54-9A1E7A4F7556}") = "AlicanExample.WebAPI", "AlicanExample.WebAPI\AlicanExample.WebAPI.csproj", "{5DA47547-31D4-4AC3-AE08-7C20A5170D71}"
EndProject
Project("{9A19103F-16F7-4668-BE54-9A1E7A4F7556}") = "AlicanExample.MVC", "AlicanExample.MVC\AlicanExample.MVC.csproj", "{2F2ED0B0-C032-4C09-B8F3-8A094A94EC6A}"
EndProject
Project("{FAE04EC0-301F-11D3-BF4B-00C04F79EFBC}") = "AlicanExample.Blazor", "AlicanExample.Blazor\AlicanExample.Blazor.csproj", "{F27DA862-84DB-4CEF-9E92-5CAD0D03325F}"
EndProject
Global
	GlobalSection(SolutionConfigurationPlatforms) = preSolution
		Debug|Any CPU = Debug|Any CPU
		Release|Any CPU = Release|Any CPU
	EndGlobalSection
	GlobalSection(ProjectConfigurationPlatforms) = postSolution
		{5DA47547-31D4-4AC3-AE08-7C20A5170D71}.Debug|Any CPU.ActiveCfg = Debug|Any CPU
		{5DA47547-31D4-4AC3-AE08-7C20A5170D71}.Debug|Any CPU.Build.0 = Debug|Any CPU
		{5DA47547-31D4-4AC3-AE08-7C20A5170D71}.Release|Any CPU.ActiveCfg = Release|Any CPU
		{5DA47547-31D4-4AC3-AE08-7C20A5170D71}.Release|Any CPU.Build.0 = Release|Any CPU
		{2F2ED0B0-C032-4C09-B8F3-8A094A94EC6A}.Debug|Any CPU.ActiveCfg = Debug|Any CPU
		{2F2ED0B0-C032-4C09-B8F3-8A094A94EC6A}.Debug|Any CPU.Build.0 = Debug|Any CPU
		{2F2ED0B0-C032-4C09-B8F3-8A094A94EC6A}.Release|Any CPU.ActiveCfg = Release|Any CPU
		{2F2ED0B0-C032-4C09-B8F3-8A094A94EC6A}.Release|Any CPU.Build.0 = Release|Any CPU
		{F27DA862-84DB-4CEF-9E92-5CAD0D03325F}.Debug|Any CPU.ActiveCfg = Debug|Any CPU
		{F27DA862-84DB-4CEF-9E92-5CAD0D03325F}.Debug|Any CPU.Build.0 = Debug|Any CPU
		{F27DA862-84DB-4CEF-9E92-5CAD0D03325F}.Release|Any CPU.ActiveCfg = Release|Any CPU
		{F27DA862-84DB-4CEF-9E92-5CAD0D03325F}.Release|Any CPU.Build.0 = Release|Any CPU
	EndGlobalSection
	GlobalSection(SolutionProperties) = preSolution
		HideSolutionNode = FALSE
	EndGlobalSection
	GlobalSection(ExtensibilityGlobals) = postSolution
		SolutionGuid = {54E0C344-D30F-43FA-90B7-39A348300249}
	EndGlobalSection
EndGlobal
